// !$*UTF8*$!
{
	archiveVersion = 1;
	classes = {
	};
	objectVersion = 46;
	objects = {

/* Begin PBXBuildFile section */
		FD26B8161D1047C400A8CC72 /* AppDelegate.swift in Sources */ = {isa = PBXBuildFile; fileRef = FD26B8151D1047C400A8CC72 /* AppDelegate.swift */; };
		FD26B8181D1047C400A8CC72 /* ViewController.swift in Sources */ = {isa = PBXBuildFile; fileRef = FD26B8171D1047C400A8CC72 /* ViewController.swift */; };
		FD26B81B1D1047C400A8CC72 /* Main.storyboard in Resources */ = {isa = PBXBuildFile; fileRef = FD26B8191D1047C400A8CC72 /* Main.storyboard */; };
		FD26B81D1D1047C400A8CC72 /* Assets.xcassets in Resources */ = {isa = PBXBuildFile; fileRef = FD26B81C1D1047C400A8CC72 /* Assets.xcassets */; };
		FD26B8201D1047C400A8CC72 /* LaunchScreen.storyboard in Resources */ = {isa = PBXBuildFile; fileRef = FD26B81E1D1047C400A8CC72 /* LaunchScreen.storyboard */; };
		FD26B8281D1047F400A8CC72 /* UITimerLabel.swift in Sources */ = {isa = PBXBuildFile; fileRef = FD26B8271D1047F300A8CC72 /* UITimerLabel.swift */; };
/* End PBXBuildFile section */

/* Begin PBXFileReference section */
		FD26B8121D1047C400A8CC72 /* UITimerDemo.app */ = {isa = PBXFileReference; explicitFileType = wrapper.application; includeInIndex = 0; path = UITimerDemo.app; sourceTree = BUILT_PRODUCTS_DIR; };
		FD26B8151D1047C400A8CC72 /* AppDelegate.swift */ = {isa = PBXFileReference; lastKnownFileType = sourcecode.swift; path = AppDelegate.swift; sourceTree = "<group>"; };
		FD26B8171D1047C400A8CC72 /* ViewController.swift */ = {isa = PBXFileReference; lastKnownFileType = sourcecode.swift; path = ViewController.swift; sourceTree = "<group>"; };
		FD26B81A1D1047C400A8CC72 /* Base */ = {isa = PBXFileReference; lastKnownFileType = file.storyboard; name = Base; path = Base.lproj/Main.storyboard; sourceTree = "<group>"; };
		FD26B81C1D1047C400A8CC72 /* Assets.xcassets */ = {isa = PBXFileReference; lastKnownFileType = folder.assetcatalog; path = Assets.xcassets; sourceTree = "<group>"; };
		FD26B81F1D1047C400A8CC72 /* Base */ = {isa = PBXFileReference; lastKnownFileType = file.storyboard; name = Base; path = Base.lproj/LaunchScreen.storyboard; sourceTree = "<group>"; };
		FD26B8211D1047C400A8CC72 /* Info.plist */ = {isa = PBXFileReference; lastKnownFileType = text.plist.xml; path = Info.plist; sourceTree = "<group>"; };
		FD26B8271D1047F300A8CC72 /* UITimerLabel.swift */ = {isa = PBXFileReference; fileEncoding = 4; lastKnownFileType = sourcecode.swift; path = UITimerLabel.swift; sourceTree = "<group>"; };
/* End PBXFileReference section */

/* Begin PBXFrameworksBuildPhase section */
		FD26B80F1D1047C400A8CC72 /* Frameworks */ = {
			isa = PBXFrameworksBuildPhase;
			buildActionMask = 2147483647;
			files = (
			);
			runOnlyForDeploymentPostprocessing = 0;
		};
/* End PBXFrameworksBuildPhase section */

/* Begin PBXGroup section */
		FD26B8091D1047C400A8CC72 = {
			isa = PBXGroup;
			children = (
				FD26B8141D1047C400A8CC72 /* UITimerDemo */,
				FD26B8131D1047C400A8CC72 /* Products */,
			);
			sourceTree = "<group>";
		};
		FD26B8131D1047C400A8CC72 /* Products */ = {
			isa = PBXGroup;
			children = (
				FD26B8121D1047C400A8CC72 /* UITimerDemo.app */,
			);
			name = Products;
			sourceTree = "<group>";
		};
		FD26B8141D1047C400A8CC72 /* UITimerDemo */ = {
			isa = PBXGroup;
			children = (
				FD26B8151D1047C400A8CC72 /* AppDelegate.swift */,
				FD26B8171D1047C400A8CC72 /* ViewController.swift */,
				FD26B8271D1047F300A8CC72 /* UITimerLabel.swift */,
				FD26B8191D1047C400A8CC72 /* Main.storyboard */,
				FD26B81C1D1047C400A8CC72 /* Assets.xcassets */,
				FD26B81E1D1047C400A8CC72 /* LaunchScreen.storyboard */,
				FD26B8211D1047C400A8CC72 /* Info.plist */,
			);
			path = UITimerDemo;
			sourceTree = "<group>";
		};
/* End PBXGroup section */

/* Begin PBXNativeTarget section */
		FD26B8111D1047C400A8CC72 /* UITimerDemo */ = {
			isa = PBXNativeTarget;
			buildConfigurationList = FD26B8241D1047C400A8CC72 /* Build configuration list for PBXNativeTarget "UITimerDemo" */;
			buildPhases = (
				FD26B80E1D1047C400A8CC72 /* Sources */,
				FD26B80F1D1047C400A8CC72 /* Frameworks */,
				FD26B8101D1047C400A8CC72 /* Resources */,
			);
			buildRules = (
			);
			dependencies = (
			);
			name = UITimerDemo;
			productName = UITimerDemo;
			productReference = FD26B8121D1047C400A8CC72 /* UITimerDemo.app */;
			productType = "com.apple.product-type.application";
		};
/* End PBXNativeTarget section */

/* Begin PBXProject section */
		FD26B80A1D1047C400A8CC72 /* Project object */ = {
			isa = PBXProject;
			attributes = {
				LastSwiftUpdateCheck = 0730;
				LastUpgradeCheck = 0730;
				ORGANIZATIONNAME = "Drew Dunne";
				TargetAttributes = {
					FD26B8111D1047C400A8CC72 = {
						CreatedOnToolsVersion = 7.3.1;
					};
				};
			};
			buildConfigurationList = FD26B80D1D1047C400A8CC72 /* Build configuration list for PBXProject "UITimerDemo" */;
			compatibilityVersion = "Xcode 3.2";
			developmentRegion = English;
			hasScannedForEncodings = 0;
			knownRegions = (
				en,
				Base,
			);
			mainGroup = FD26B8091D1047C400A8CC72;
			productRefGroup = FD26B8131D1047C400A8CC72 /* Products */;
			projectDirPath = "";
			projectRoot = "";
			targets = (
				FD26B8111D1047C400A8CC72 /* UITimerDemo */,
			);
		};
/* End PBXProject section */

/* Begin PBXResourcesBuildPhase section */
		FD26B8101D1047C400A8CC72 /* Resources */ = {
			isa = PBXResourcesBuildPhase;
			buildActionMask = 2147483647;
			files = (
				FD26B8201D1047C400A8CC72 /* LaunchScreen.storyboard in Resources */,
				FD26B81D1D1047C400A8CC72 /* Assets.xcassets in Resources */,
				FD26B81B1D1047C400A8CC72 /* Main.storyboard in Resources */,
			);
			runOnlyForDeploymentPostprocessing = 0;
		};
/* End PBXResourcesBuildPhase section */

/* Begin PBXSourcesBuildPhase section */
		FD26B80E1D1047C400A8CC72 /* Sources */ = {
			isa = PBXSourcesBuildPhase;
			buildActionMask = 2147483647;
			files = (
				FD26B8281D1047F400A8CC72 /* UITimerLabel.swift in Sources */,
				FD26B8181D1047C400A8CC72 /* ViewController.swift in Sources */,
				FD26B8161D1047C400A8CC72 /* AppDelegate.swift in Sources */,
			);
			runOnlyForDeploymentPostprocessing = 0;
		};
/* End PBXSourcesBuildPhase section */

/* Begin PBXVariantGroup section */
		FD26B8191D1047C400A8CC72 /* Main.storyboard */ = {
			isa = PBXVariantGroup;
			children = (
				FD26B81A1D1047C400A8CC72 /* Base */,
			);
			name = Main.storyboard;
			sourceTree = "<group>";
		};
		FD26B81E1D1047C400A8CC72 /* LaunchScreen.storyboard */ = {
			isa = PBXVariantGroup;
			children = (
				FD26B81F1D1047C400A8CC72 /* Base */,
			);
			name = LaunchScreen.storyboard;
			sourceTree = "<group>";
		};
/* End PBXVariantGroup section */

/* Begin XCBuildConfiguration section */
		FD26B8221D1047C400A8CC72 /* Debug */ = {
			isa = XCBuildConfiguration;
			buildSettings = {
				ALWAYS_SEARCH_USER_PATHS = NO;
				CLANG_ANALYZER_NONNULL = YES;
				CLANG_CXX_LANGUAGE_STANDARD = "gnu++0x";
				CLANG_CXX_LIBRARY = "libc++";
				CLANG_ENABLE_MODULES = YES;
				CLANG_ENABLE_OBJC_ARC = YES;
				CLANG_WARN_BOOL_CONVERSION = YES;
				CLANG_WARN_CONSTANT_CONVERSION = YES;
				CLANG_WARN_DIRECT_OBJC_ISA_USAGE = YES_ERROR;
				CLANG_WARN_EMPTY_BODY = YES;
				CLANG_WARN_ENUM_CONVERSION = YES;
				CLANG_WARN_INT_CONVERSION = YES;
				CLANG_WARN_OBJC_ROOT_CLASS = YES_ERROR;
				CLANG_WARN_UNREACHABLE_CODE = YES;
				CLANG_WARN__DUPLICATE_METHOD_MATCH = YES;
				"CODE_SIGN_IDENTITY[sdk=iphoneos*]" = "iPhone Developer";
				COPY_PHASE_STRIP = NO;
				DEBUG_INFORMATION_FORMAT = dwarf;
				ENABLE_STRICT_OBJC_MSGSEND = YES;
				ENABLE_TESTABILITY = YES;
				GCC_C_LANGUAGE_STANDARD = gnu99;
				GCC_DYNAMIC_NO_PIC = NO;
				GCC_NO_COMMON_BLOCKS = YES;
				GCC_OPTIMIZATION_LEVEL = 0;
				GCC_PREPROCESSOR_DEFINITIONS = (
					"DEBUG=1",
					"$(inherited)",
				);
				GCC_WARN_64_TO_32_BIT_CONVERSION = YES;
				GCC_WARN_ABOUT_RETURN_TYPE = YES_ERROR;
				GCC_WARN_UNDECLARED_SELECTOR = YES;
				GCC_WARN_UNINITIALIZED_AUTOS = YES_AGGRESSIVE;
				GCC_WARN_UNUSED_FUNCTION = YES;
				GCC_WARN_UNUSED_VARIABLE = YES;
				IPHONEOS_DEPLOYMENT_TARGET = 9.3;
				MTL_ENABLE_DEBUG_INFO = YES;
				ONLY_ACTIVE_ARCH = YES;
				SDKROOT = iphoneos;
				SWIFT_OPTIMIZATION_LEVEL = "-Onone";
				TARGETED_DEVICE_FAMILY = "1,2";
			};
			name = Debug;
		};
		FD26B8231D1047C400A8CC72 /* Release */ = {
			isa = XCBuildConfiguration;
			buildSettings = {
				ALWAYS_SEARCH_USER_PATHS = NO;
				CLANG_ANALYZER_NONNULL = YES;
				CLANG_CXX_LANGUAGE_STANDARD = "gnu++0x";
				CLANG_CXX_LIBRARY = "libc++";
				CLANG_ENABLE_MODULES = YES;
				CLANG_ENABLE_OBJC_ARC = YES;
				CLANG_WARN_BOOL_CONVERSION = YES;
				CLANG_WARN_CONSTANT_CONVERSION = YES;
				CLANG_WARN_DIRECT_OBJC_ISA_USAGE = YES_ERROR;
				CLANG_WARN_EMPTY_BODY = YES;
				CLANG_WARN_ENUM_CONVERSION = YES;
				CLANG_WARN_INT_CONVERSION = YES;
				CLANG_WARN_OBJC_ROOT_CLASS = YES_ERROR;
				CLANG_WARN_UNREACHABLE_CODE = YES;
				CLANG_WARN__DUPLICATE_METHOD_MATCH = YES;
				"CODE_SIGN_IDENTITY[sdk=iphoneos*]" = "iPhone Developer";
				COPY_PHASE_STRIP = NO;
				DEBUG_INFORMATION_FORMAT = "dwarf-with-dsym";
				ENABLE_NS_ASSERTIONS = NO;
				ENABLE_STRICT_OBJC_MSGSEND = YES;
				GCC_C_LANGUAGE_STANDARD = gnu99;
				GCC_NO_COMMON_BLOCKS = YES;
				GCC_WARN_64_TO_32_BIT_CONVERSION = YES;
				GCC_WARN_ABOUT_RETURN_TYPE = YES_ERROR;
				GCC_WARN_UNDECLARED_SELECTOR = YES;
				GCC_WARN_UNINITIALIZED_AUTOS = YES_AGGRESSIVE;
				GCC_WARN_UNUSED_FUNCTION = YES;
				GCC_WARN_UNUSED_VARIABLE = YES;
				IPHONEOS_DEPLOYMENT_TARGET = 9.3;
				MTL_ENABLE_DEBUG_INFO = NO;
				SDKROOT = iphoneos;
				TARGETED_DEVICE_FAMILY = "1,2";
				VALIDATE_PRODUCT = YES;
			};
			name = Release;
		};
		FD26B8251D1047C400A8CC72 /* Debug */ = {
			isa = XCBuildConfiguration;
			buildSettings = {
				ASSETCATALOG_COMPILER_APPICON_NAME = AppIcon;
				INFOPLIST_FILE = UITimerDemo/Info.plist;
				LD_RUNPATH_SEARCH_PATHS = "$(inherited) @executable_path/Frameworks";
				PRODUCT_BUNDLE_IDENTIFIER = com.drewsdunne.UITimerDemo;
				PRODUCT_NAME = "$(TARGET_NAME)";
			};
			name = Debug;
		};
		FD26B8261D1047C400A8CC72 /* Release */ = {
			isa = XCBuildConfiguration;
			buildSettings = {
				ASSETCATALOG_COMPILER_APPICON_NAME = AppIcon;
				INFOPLIST_FILE = UITimerDemo/Info.plist;
				LD_RUNPATH_SEARCH_PATHS = "$(inherited) @executable_path/Frameworks";
				PRODUCT_BUNDLE_IDENTIFIER = com.drewsdunne.UITimerDemo;
				PRODUCT_NAME = "$(TARGET_NAME)";
			};
			name = Release;
		};
/* End XCBuildConfiguration section */

/* Begin XCConfigurationList section */
		FD26B80D1D1047C400A8CC72 /* Build configuration list for PBXProject "UITimerDemo" */ = {
			isa = XCConfigurationList;
			buildConfigurations = (
				FD26B8221D1047C400A8CC72 /* Debug */,
				FD26B8231D1047C400A8CC72 /* Release */,
			);
			defaultConfigurationIsVisible = 0;
			defaultConfigurationName = Release;
		};
		FD26B8241D1047C400A8CC72 /* Build configuration list for PBXNativeTarget "UITimerDemo" */ = {
			isa = XCConfigurationList;
			buildConfigurations = (
				FD26B8251D1047C400A8CC72 /* Debug */,
				FD26B8261D1047C400A8CC72 /* Release */,
			);
			defaultConfigurationIsVisible = 0;
		};
/* End XCConfigurationList section */
	};
	rootObject = FD26B80A1D1047C400A8CC72 /* Project object */;
}
